
Microsoft Visual Studio Solution File, Format Version 12.00
# Visual Studio Version 17
VisualStudioVersion = 17.10.34916.146
MinimumVisualStudioVersion = 10.0.40219.1
Project("{FAE04EC0-301F-11D3-BF4B-00C04F79EFBC}") = "ContractManager", "ContractManager\ContractManager.csproj", "{B69075DC-9937-4D36-A258-354DA865A54E}"
EndProject
Global
	GlobalSection(SolutionConfigurationPlatforms) = preSolution
		Debug|Any CPU = Debug|Any CPU
		Release|Any CPU = Release|Any CPU
	EndGlobalSection
	GlobalSection(ProjectConfigurationPlatforms) = postSolution
		{B69075DC-9937-4D36-A258-354DA865A54E}.Debug|Any CPU.ActiveCfg = Debug|Any CPU
		{B69075DC-9937-4D36-A258-354DA865A54E}.Debug|Any CPU.Build.0 = Debug|Any CPU
		{B69075DC-9937-4D36-A258-354DA865A54E}.Release|Any CPU.ActiveCfg = Release|Any CPU
		{B69075DC-9937-4D36-A258-354DA865A54E}.Release|Any CPU.Build.0 = Release|Any CPU
	EndGlobalSection
	GlobalSection(SolutionProperties) = preSolution
		HideSolutionNode = FALSE
	EndGlobalSection
	GlobalSection(ExtensibilityGlobals) = postSolution
		SolutionGuid = {DFFAAABD-E063-4B8E-AEAC-A97D2FACAD29}
	EndGlobalSection
EndGlobal
